
Microsoft Visual Studio Solution File, Format Version 12.00
# Visual Studio Version 17
VisualStudioVersion = 17.1.32421.90
MinimumVisualStudioVersion = 10.0.40219.1
Project("{9A19103F-16F7-4668-BE54-9A1E7A4F7556}") = "PomodoroTimer", "PomodoroTimer\PomodoroTimer.csproj", "{84B6C3BD-2589-4D10-9C9F-2CB14F8636B8}"
EndProject
Project("{9A19103F-16F7-4668-BE54-9A1E7A4F7556}") = "PomodoroTimer.Api", "PomodoroTimer.Api\PomodoroTimer.Api.csproj", "{B0EE12A6-34E4-403E-9A40-8EED49D684B7}"
EndProject
Project("{FAE04EC0-301F-11D3-BF4B-00C04F79EFBC}") = "PomodoroTimer.Common", "PomodoroTimer.Common\PomodoroTimer.Common.csproj", "{7F525ABD-6BE3-4008-BF04-C1568E742EA9}"
EndProject
Global
	GlobalSection(SolutionConfigurationPlatforms) = preSolution
		Debug|Any CPU = Debug|Any CPU
		Release|Any CPU = Release|Any CPU
	EndGlobalSection
	GlobalSection(ProjectConfigurationPlatforms) = postSolution
		{84B6C3BD-2589-4D10-9C9F-2CB14F8636B8}.Debug|Any CPU.ActiveCfg = Debug|Any CPU
		{84B6C3BD-2589-4D10-9C9F-2CB14F8636B8}.Debug|Any CPU.Build.0 = Debug|Any CPU
		{84B6C3BD-2589-4D10-9C9F-2CB14F8636B8}.Release|Any CPU.ActiveCfg = Release|Any CPU
		{84B6C3BD-2589-4D10-9C9F-2CB14F8636B8}.Release|Any CPU.Build.0 = Release|Any CPU
		{B0EE12A6-34E4-403E-9A40-8EED49D684B7}.Debug|Any CPU.ActiveCfg = Debug|Any CPU
		{B0EE12A6-34E4-403E-9A40-8EED49D684B7}.Debug|Any CPU.Build.0 = Debug|Any CPU
		{B0EE12A6-34E4-403E-9A40-8EED49D684B7}.Release|Any CPU.ActiveCfg = Release|Any CPU
		{B0EE12A6-34E4-403E-9A40-8EED49D684B7}.Release|Any CPU.Build.0 = Release|Any CPU
		{7F525ABD-6BE3-4008-BF04-C1568E742EA9}.Debug|Any CPU.ActiveCfg = Debug|Any CPU
		{7F525ABD-6BE3-4008-BF04-C1568E742EA9}.Debug|Any CPU.Build.0 = Debug|Any CPU
		{7F525ABD-6BE3-4008-BF04-C1568E742EA9}.Release|Any CPU.ActiveCfg = Release|Any CPU
		{7F525ABD-6BE3-4008-BF04-C1568E742EA9}.Release|Any CPU.Build.0 = Release|Any CPU
	EndGlobalSection
	GlobalSection(SolutionProperties) = preSolution
		HideSolutionNode = FALSE
	EndGlobalSection
	GlobalSection(ExtensibilityGlobals) = postSolution
		SolutionGuid = {7C25D7AD-8887-4948-9ACF-3B94907640AA}
	EndGlobalSection
EndGlobal
